
Microsoft Visual Studio Solution File, Format Version 12.00
# Visual Studio Version 16
VisualStudioVersion = 16.0.31005.135
MinimumVisualStudioVersion = 10.0.40219.1
Project("{9A19103F-16F7-4668-BE54-9A1E7A4F7556}") = "Fenix.ESender.Test", "Fenix.ESender.Test\Fenix.ESender.Test.csproj", "{F7342D09-FFC6-4E44-8C6B-E0EB60F8910D}"
EndProject
Project("{9A19103F-16F7-4668-BE54-9A1E7A4F7556}") = "Fenix.ESender.API", "Fenix.ESender.API\Fenix.ESender.API.csproj", "{134EDE55-034A-4C49-86DF-A910C1253C73}"
EndProject
Project("{00D1A9C2-B5F0-4AF3-8072-F6C62B433612}") = "Fenix.ESender.DB", "Fenix.ESender.DB\Fenix.ESender.DB.sqlproj", "{47CF6AFD-8D0A-4037-B736-315AAF4F09CE}"
EndProject
Project("{9A19103F-16F7-4668-BE54-9A1E7A4F7556}") = "Fenix.ESender.SQS", "Fenix.ESender.SQS\Fenix.ESender.SQS.csproj", "{EE3C9CCE-89AD-4C5E-B612-244EB59EB687}"
EndProject
Project("{9A19103F-16F7-4668-BE54-9A1E7A4F7556}") = "Fenix.ESender.MsgHandler", "Fenix.ESender.MsgHandler\Fenix.ESender.MsgHandler.csproj", "{8F242748-B614-4130-8213-B3BCEFB85A06}"
EndProject
Project("{2150E333-8FDC-42A3-9474-1A3956D46DE8}") = "6 - Handlers", "6 - Handlers", "{0C9D2ABC-3A12-4036-AF36-0E3F6D3BC080}"
EndProject
Project("{2150E333-8FDC-42A3-9474-1A3956D46DE8}") = "1 - API", "1 - API", "{E556C4E4-092F-43EB-AD2F-0807F877526A}"
EndProject
Project("{2150E333-8FDC-42A3-9474-1A3956D46DE8}") = "2 - Services", "2 - Services", "{5F890836-5067-4352-9868-83351B1EBF68}"
EndProject
Project("{2150E333-8FDC-42A3-9474-1A3956D46DE8}") = "4 - Data", "4 - Data", "{FF78CA1C-DF61-4229-925D-18C02F078ADA}"
EndProject
Project("{2150E333-8FDC-42A3-9474-1A3956D46DE8}") = "5 - Message", "5 - Message", "{008619EB-8963-4DEC-AF4B-C276A8F9F71F}"
EndProject
Project("{2150E333-8FDC-42A3-9474-1A3956D46DE8}") = "7 - DB Project", "7 - DB Project", "{8A6EB21F-3C44-46B9-9C31-8826516FA50B}"
EndProject
Project("{2150E333-8FDC-42A3-9474-1A3956D46DE8}") = "0 - Tests", "0 - Tests", "{0B9ECD84-9E2D-4520-9CCC-B88FD0EC3692}"
EndProject
Project("{FAE04EC0-301F-11D3-BF4B-00C04F79EFBC}") = "Fenix.ESender.Services", "Fenix.ESender.Services\Fenix.ESender.Services.csproj", "{002A3E02-5F4D-4A9F-85F6-0C63E9CC17B2}"
EndProject
Project("{FAE04EC0-301F-11D3-BF4B-00C04F79EFBC}") = "Fenix.ESender.Data", "Fenix.ESender.Data\Fenix.ESender.Data.csproj", "{53A709BA-80EE-47F0-BDE9-A3E2338FFCF7}"
EndProject
Project("{2150E333-8FDC-42A3-9474-1A3956D46DE8}") = "3 - Models", "3 - Models", "{8ED795F4-9E73-4D20-8298-9C6676A22B2B}"
EndProject
Project("{FAE04EC0-301F-11D3-BF4B-00C04F79EFBC}") = "Fenix.ESender.Models", "Fenix.ESender.Models\Fenix.ESender.Models.csproj", "{570878C5-AE5A-4B4E-99DE-FED6F73745BD}"
EndProject
Global
	GlobalSection(SolutionConfigurationPlatforms) = preSolution
		Debug|Any CPU = Debug|Any CPU
		Release|Any CPU = Release|Any CPU
	EndGlobalSection
	GlobalSection(ProjectConfigurationPlatforms) = postSolution
		{F7342D09-FFC6-4E44-8C6B-E0EB60F8910D}.Debug|Any CPU.ActiveCfg = Debug|Any CPU
		{F7342D09-FFC6-4E44-8C6B-E0EB60F8910D}.Debug|Any CPU.Build.0 = Debug|Any CPU
		{F7342D09-FFC6-4E44-8C6B-E0EB60F8910D}.Release|Any CPU.ActiveCfg = Release|Any CPU
		{F7342D09-FFC6-4E44-8C6B-E0EB60F8910D}.Release|Any CPU.Build.0 = Release|Any CPU
		{134EDE55-034A-4C49-86DF-A910C1253C73}.Debug|Any CPU.ActiveCfg = Debug|Any CPU
		{134EDE55-034A-4C49-86DF-A910C1253C73}.Debug|Any CPU.Build.0 = Debug|Any CPU
		{134EDE55-034A-4C49-86DF-A910C1253C73}.Release|Any CPU.ActiveCfg = Release|Any CPU
		{134EDE55-034A-4C49-86DF-A910C1253C73}.Release|Any CPU.Build.0 = Release|Any CPU
		{47CF6AFD-8D0A-4037-B736-315AAF4F09CE}.Debug|Any CPU.ActiveCfg = Debug|Any CPU
		{47CF6AFD-8D0A-4037-B736-315AAF4F09CE}.Debug|Any CPU.Build.0 = Debug|Any CPU
		{47CF6AFD-8D0A-4037-B736-315AAF4F09CE}.Debug|Any CPU.Deploy.0 = Debug|Any CPU
		{47CF6AFD-8D0A-4037-B736-315AAF4F09CE}.Release|Any CPU.ActiveCfg = Release|Any CPU
		{47CF6AFD-8D0A-4037-B736-315AAF4F09CE}.Release|Any CPU.Build.0 = Release|Any CPU
		{47CF6AFD-8D0A-4037-B736-315AAF4F09CE}.Release|Any CPU.Deploy.0 = Release|Any CPU
		{EE3C9CCE-89AD-4C5E-B612-244EB59EB687}.Debug|Any CPU.ActiveCfg = Debug|Any CPU
		{EE3C9CCE-89AD-4C5E-B612-244EB59EB687}.Debug|Any CPU.Build.0 = Debug|Any CPU
		{EE3C9CCE-89AD-4C5E-B612-244EB59EB687}.Release|Any CPU.ActiveCfg = Release|Any CPU
		{EE3C9CCE-89AD-4C5E-B612-244EB59EB687}.Release|Any CPU.Build.0 = Release|Any CPU
		{8F242748-B614-4130-8213-B3BCEFB85A06}.Debug|Any CPU.ActiveCfg = Debug|Any CPU
		{8F242748-B614-4130-8213-B3BCEFB85A06}.Debug|Any CPU.Build.0 = Debug|Any CPU
		{8F242748-B614-4130-8213-B3BCEFB85A06}.Release|Any CPU.ActiveCfg = Release|Any CPU
		{8F242748-B614-4130-8213-B3BCEFB85A06}.Release|Any CPU.Build.0 = Release|Any CPU
		{002A3E02-5F4D-4A9F-85F6-0C63E9CC17B2}.Debug|Any CPU.ActiveCfg = Debug|Any CPU
		{002A3E02-5F4D-4A9F-85F6-0C63E9CC17B2}.Debug|Any CPU.Build.0 = Debug|Any CPU
		{002A3E02-5F4D-4A9F-85F6-0C63E9CC17B2}.Release|Any CPU.ActiveCfg = Release|Any CPU
		{002A3E02-5F4D-4A9F-85F6-0C63E9CC17B2}.Release|Any CPU.Build.0 = Release|Any CPU
		{53A709BA-80EE-47F0-BDE9-A3E2338FFCF7}.Debug|Any CPU.ActiveCfg = Debug|Any CPU
		{53A709BA-80EE-47F0-BDE9-A3E2338FFCF7}.Debug|Any CPU.Build.0 = Debug|Any CPU
		{53A709BA-80EE-47F0-BDE9-A3E2338FFCF7}.Release|Any CPU.ActiveCfg = Release|Any CPU
		{53A709BA-80EE-47F0-BDE9-A3E2338FFCF7}.Release|Any CPU.Build.0 = Release|Any CPU
		{570878C5-AE5A-4B4E-99DE-FED6F73745BD}.Debug|Any CPU.ActiveCfg = Debug|Any CPU
		{570878C5-AE5A-4B4E-99DE-FED6F73745BD}.Debug|Any CPU.Build.0 = Debug|Any CPU
		{570878C5-AE5A-4B4E-99DE-FED6F73745BD}.Release|Any CPU.ActiveCfg = Release|Any CPU
		{570878C5-AE5A-4B4E-99DE-FED6F73745BD}.Release|Any CPU.Build.0 = Release|Any CPU
	EndGlobalSection
	GlobalSection(SolutionProperties) = preSolution
		HideSolutionNode = FALSE
	EndGlobalSection
	GlobalSection(NestedProjects) = preSolution
		{F7342D09-FFC6-4E44-8C6B-E0EB60F8910D} = {0B9ECD84-9E2D-4520-9CCC-B88FD0EC3692}
		{134EDE55-034A-4C49-86DF-A910C1253C73} = {E556C4E4-092F-43EB-AD2F-0807F877526A}
		{47CF6AFD-8D0A-4037-B736-315AAF4F09CE} = {8A6EB21F-3C44-46B9-9C31-8826516FA50B}
		{EE3C9CCE-89AD-4C5E-B612-244EB59EB687} = {008619EB-8963-4DEC-AF4B-C276A8F9F71F}
		{8F242748-B614-4130-8213-B3BCEFB85A06} = {0C9D2ABC-3A12-4036-AF36-0E3F6D3BC080}
		{002A3E02-5F4D-4A9F-85F6-0C63E9CC17B2} = {5F890836-5067-4352-9868-83351B1EBF68}
		{53A709BA-80EE-47F0-BDE9-A3E2338FFCF7} = {FF78CA1C-DF61-4229-925D-18C02F078ADA}
		{570878C5-AE5A-4B4E-99DE-FED6F73745BD} = {8ED795F4-9E73-4D20-8298-9C6676A22B2B}
	EndGlobalSection
	GlobalSection(ExtensibilityGlobals) = postSolution
		SolutionGuid = {FEAB2B21-FC15-4B0B-A655-F77B107B1250}
	EndGlobalSection
EndGlobal
